
Microsoft Visual Studio Solution File, Format Version 12.00
# Visual Studio 15
Project("{FAE04EC0-301F-11D3-BF4B-00C04F79EFBC}") = "Assembly-CSharp", "Assembly-CSharp.csproj", "{1E631DBF-37D0-000B-1305-FC55933D15BC}"
EndProject
Project("{FAE04EC0-301F-11D3-BF4B-00C04F79EFBC}") = "Assembly-CSharp-Editor", "Assembly-CSharp-Editor.csproj", "{4F71C3F0-601F-271E-8A75-EB5A10188C5D}"
EndProject
Global
	GlobalSection(SolutionConfigurationPlatforms) = preSolution
		Debug|Any CPU = Debug|Any CPU
		Release|Any CPU = Release|Any CPU
	EndGlobalSection
	GlobalSection(ProjectConfigurationPlatforms) = postSolution
		{1E631DBF-37D0-000B-1305-FC55933D15BC}.Debug|Any CPU.ActiveCfg = Debug|Any CPU
		{1E631DBF-37D0-000B-1305-FC55933D15BC}.Debug|Any CPU.Build.0 = Debug|Any CPU
		{1E631DBF-37D0-000B-1305-FC55933D15BC}.Release|Any CPU.ActiveCfg = Release|Any CPU
		{1E631DBF-37D0-000B-1305-FC55933D15BC}.Release|Any CPU.Build.0 = Release|Any CPU
		{4F71C3F0-601F-271E-8A75-EB5A10188C5D}.Debug|Any CPU.ActiveCfg = Debug|Any CPU
		{4F71C3F0-601F-271E-8A75-EB5A10188C5D}.Debug|Any CPU.Build.0 = Debug|Any CPU
		{4F71C3F0-601F-271E-8A75-EB5A10188C5D}.Release|Any CPU.ActiveCfg = Release|Any CPU
		{4F71C3F0-601F-271E-8A75-EB5A10188C5D}.Release|Any CPU.Build.0 = Release|Any CPU
	EndGlobalSection
	GlobalSection(SolutionProperties) = preSolution
		HideSolutionNode = FALSE
	EndGlobalSection
EndGlobal
